
Microsoft Visual Studio Solution File, Format Version 12.00
# Visual Studio Version 16
VisualStudioVersion = 16.0.31424.327
MinimumVisualStudioVersion = 10.0.40219.1
Project("{FAE04EC0-301F-11D3-BF4B-00C04F79EFBC}") = "WebServerBuilder", "WebServerBuilder\WebServerBuilder.csproj", "{1F59D963-CDD7-49B5-B2F5-F4778ED9FAB1}"
EndProject
Global
	GlobalSection(SolutionConfigurationPlatforms) = preSolution
		Debug|Any CPU = Debug|Any CPU
		Release|Any CPU = Release|Any CPU
	EndGlobalSection
	GlobalSection(ProjectConfigurationPlatforms) = postSolution
		{1F59D963-CDD7-49B5-B2F5-F4778ED9FAB1}.Debug|Any CPU.ActiveCfg = Debug|Any CPU
		{1F59D963-CDD7-49B5-B2F5-F4778ED9FAB1}.Debug|Any CPU.Build.0 = Debug|Any CPU
		{1F59D963-CDD7-49B5-B2F5-F4778ED9FAB1}.Release|Any CPU.ActiveCfg = Release|Any CPU
		{1F59D963-CDD7-49B5-B2F5-F4778ED9FAB1}.Release|Any CPU.Build.0 = Release|Any CPU
	EndGlobalSection
	GlobalSection(SolutionProperties) = preSolution
		HideSolutionNode = FALSE
	EndGlobalSection
	GlobalSection(ExtensibilityGlobals) = postSolution
		SolutionGuid = {6FCC1C11-BEFF-40B4-BBC6-A11B75CFA98E}
	EndGlobalSection
EndGlobal
